
Microsoft Visual Studio Solution File, Format Version 12.00
# Visual Studio 2013
VisualStudioVersion = 12.0.31101.0
MinimumVisualStudioVersion = 10.0.40219.1
Project("{FAE04EC0-301F-11D3-BF4B-00C04F79EFBC}") = "Spiffbot", "Spiffbot\Spiffbot.csproj", "{633B7398-506E-4A92-96C4-D5289ABD6366}"
EndProject
Project("{FAE04EC0-301F-11D3-BF4B-00C04F79EFBC}") = "Spiff.IRC", "Spiff.IRC\Spiff.IRC.csproj", "{5FBAAAEE-E98C-46BB-AF7C-01C8540ECFF2}"
EndProject
Global
	GlobalSection(SolutionConfigurationPlatforms) = preSolution
		Debug|Any CPU = Debug|Any CPU
		Release|Any CPU = Release|Any CPU
	EndGlobalSection
	GlobalSection(ProjectConfigurationPlatforms) = postSolution
		{633B7398-506E-4A92-96C4-D5289ABD6366}.Debug|Any CPU.ActiveCfg = Debug|Any CPU
		{633B7398-506E-4A92-96C4-D5289ABD6366}.Debug|Any CPU.Build.0 = Debug|Any CPU
		{633B7398-506E-4A92-96C4-D5289ABD6366}.Release|Any CPU.ActiveCfg = Release|Any CPU
		{633B7398-506E-4A92-96C4-D5289ABD6366}.Release|Any CPU.Build.0 = Release|Any CPU
		{5FBAAAEE-E98C-46BB-AF7C-01C8540ECFF2}.Debug|Any CPU.ActiveCfg = Debug|Any CPU
		{5FBAAAEE-E98C-46BB-AF7C-01C8540ECFF2}.Debug|Any CPU.Build.0 = Debug|Any CPU
		{5FBAAAEE-E98C-46BB-AF7C-01C8540ECFF2}.Release|Any CPU.ActiveCfg = Release|Any CPU
		{5FBAAAEE-E98C-46BB-AF7C-01C8540ECFF2}.Release|Any CPU.Build.0 = Release|Any CPU
	EndGlobalSection
	GlobalSection(SolutionProperties) = preSolution
		HideSolutionNode = FALSE
	EndGlobalSection
EndGlobal
