
Microsoft Visual Studio Solution File, Format Version 12.00
# Visual Studio 2013
VisualStudioVersion = 12.0.31101.0
MinimumVisualStudioVersion = 10.0.40219.1
Project("{FAE04EC0-301F-11D3-BF4B-00C04F79EFBC}") = "Spiffbot", "Spiffbot\Spiffbot.csproj", "{633B7398-506E-4A92-96C4-D5289ABD6366}"
EndProject
Project("{FAE04EC0-301F-11D3-BF4B-00C04F79EFBC}") = "Spiff.Core", "Spiff.IRC\Spiff.Core.csproj", "{5FBAAAEE-E98C-46BB-AF7C-01C8540ECFF2}"
EndProject
Project("{2150E333-8FDC-42A3-9474-1A3956D46DE8}") = "Plugin Test", "Plugin Test", "{FDF62C49-7D07-4B2E-B0A6-6D8B243AB8FA}"
EndProject
Project("{FAE04EC0-301F-11D3-BF4B-00C04F79EFBC}") = "DefaultCommands", "DefaultCommands\DefaultCommands.csproj", "{F3060D92-F6E7-4F4F-BE72-A6931C8B9B3D}"
EndProject
Global
	GlobalSection(SolutionConfigurationPlatforms) = preSolution
		Debug|Any CPU = Debug|Any CPU
		Release|Any CPU = Release|Any CPU
	EndGlobalSection
	GlobalSection(ProjectConfigurationPlatforms) = postSolution
		{633B7398-506E-4A92-96C4-D5289ABD6366}.Debug|Any CPU.ActiveCfg = Debug|Any CPU
		{633B7398-506E-4A92-96C4-D5289ABD6366}.Debug|Any CPU.Build.0 = Debug|Any CPU
		{633B7398-506E-4A92-96C4-D5289ABD6366}.Release|Any CPU.ActiveCfg = Release|Any CPU
		{633B7398-506E-4A92-96C4-D5289ABD6366}.Release|Any CPU.Build.0 = Release|Any CPU
		{5FBAAAEE-E98C-46BB-AF7C-01C8540ECFF2}.Debug|Any CPU.ActiveCfg = Debug|Any CPU
		{5FBAAAEE-E98C-46BB-AF7C-01C8540ECFF2}.Debug|Any CPU.Build.0 = Debug|Any CPU
		{5FBAAAEE-E98C-46BB-AF7C-01C8540ECFF2}.Release|Any CPU.ActiveCfg = Release|Any CPU
		{5FBAAAEE-E98C-46BB-AF7C-01C8540ECFF2}.Release|Any CPU.Build.0 = Release|Any CPU
		{F3060D92-F6E7-4F4F-BE72-A6931C8B9B3D}.Debug|Any CPU.ActiveCfg = Debug|Any CPU
		{F3060D92-F6E7-4F4F-BE72-A6931C8B9B3D}.Debug|Any CPU.Build.0 = Debug|Any CPU
		{F3060D92-F6E7-4F4F-BE72-A6931C8B9B3D}.Release|Any CPU.ActiveCfg = Release|Any CPU
		{F3060D92-F6E7-4F4F-BE72-A6931C8B9B3D}.Release|Any CPU.Build.0 = Release|Any CPU
	EndGlobalSection
	GlobalSection(SolutionProperties) = preSolution
		HideSolutionNode = FALSE
	EndGlobalSection
	GlobalSection(NestedProjects) = preSolution
		{F3060D92-F6E7-4F4F-BE72-A6931C8B9B3D} = {FDF62C49-7D07-4B2E-B0A6-6D8B243AB8FA}
	EndGlobalSection
EndGlobal
