Microsoft Visual Studio Solution File, Format Version 11.00
# Visual Studio 2010
Project("{FAE04EC0-301F-11D3-BF4B-00C04F79EFBC}") = "XInputView", "XInputView.csproj", "{6FD3572A-4636-401F-A660-0F184C647D65}"
EndProject
Project("{FAE04EC0-301F-11D3-BF4B-00C04F79EFBC}") = "MDXInfo.DirectX.XInput", "..\MDXInfo.DirectX.XInput\MDXInfo.DirectX.XInput.csproj", "{69D318F6-5309-424A-8A20-6287363E7184}"
EndProject
Global
	GlobalSection(SolutionConfigurationPlatforms) = preSolution
		Debug|Any CPU = Debug|Any CPU
		Release|Any CPU = Release|Any CPU
	EndGlobalSection
	GlobalSection(ProjectConfigurationPlatforms) = postSolution
		{6FD3572A-4636-401F-A660-0F184C647D65}.Debug|Any CPU.ActiveCfg = Debug|Any CPU
		{6FD3572A-4636-401F-A660-0F184C647D65}.Debug|Any CPU.Build.0 = Debug|Any CPU
		{6FD3572A-4636-401F-A660-0F184C647D65}.Release|Any CPU.ActiveCfg = Release|Any CPU
		{6FD3572A-4636-401F-A660-0F184C647D65}.Release|Any CPU.Build.0 = Release|Any CPU
		{69D318F6-5309-424A-8A20-6287363E7184}.Debug|Any CPU.ActiveCfg = Debug|Any CPU
		{69D318F6-5309-424A-8A20-6287363E7184}.Debug|Any CPU.Build.0 = Debug|Any CPU
		{69D318F6-5309-424A-8A20-6287363E7184}.Release|Any CPU.ActiveCfg = Release|Any CPU
		{69D318F6-5309-424A-8A20-6287363E7184}.Release|Any CPU.Build.0 = Release|Any CPU
	EndGlobalSection
	GlobalSection(SolutionProperties) = preSolution
		HideSolutionNode = FALSE
	EndGlobalSection
EndGlobal
